{
  "name": "pwa-1",
  "version": "1.0.0",
  "lockfileVersion": 2,
  "requires": true,
  "packages": {
    "": {
      "name": "pwa-1",
      "version": "1.0.0",
      "license": "ISC",
      "dependencies": {
        "@capacitor/camera": "^1.2.4"
      }
    },
    "node_modules/@capacitor/camera": {
      "version": "1.2.4",
      "resolved": "https://registry.npmjs.org/@capacitor/camera/-/camera-1.2.4.tgz",
      "integrity": "sha512-H7ZelJq+SdPBe9xVzxo5/5bZmYdEprd4hHAiMlNIu3ZmS5qf0C39nMAK2KZ88/BM7OrUkJQ2qzdZ26MfUSD8iw==",
      "peerDependencies": {
        "@capacitor/core": "^3.0.0"
      }
    },
    "node_modules/@capacitor/core": {
      "version": "3.4.0",
      "resolved": "https://registry.npmjs.org/@capacitor/core/-/core-3.4.0.tgz",
      "integrity": "sha512-utfMAYZyU8SL+JkVOcqanjmWarSBlvCyVDPL6AnXG/B//9VtleZ5NtorUXL0ggnK7t+Zbd8xGgA+LN7mn4+3Lw==",
      "peer": true,
      "dependencies": {
        "tslib": "^2.1.0"
      }
    },
    "node_modules/tslib": {
      "version": "2.3.1",
      "resolved": "https://registry.npmjs.org/tslib/-/tslib-2.3.1.tgz",
      "integrity": "sha512-77EbyPPpMz+FRFRuAFlWMtmgUWGe9UOG2Z25NqCwiIjRhOf5iKGuzSe5P2w1laq+FkRy4p+PCuVkJSGkzTEKVw==",
      "peer": true
    }
  },
  "dependencies": {
    "@capacitor/camera": {
      "version": "1.2.4",
      "resolved": "https://registry.npmjs.org/@capacitor/camera/-/camera-1.2.4.tgz",
      "integrity": "sha512-H7ZelJq+SdPBe9xVzxo5/5bZmYdEprd4hHAiMlNIu3ZmS5qf0C39nMAK2KZ88/BM7OrUkJQ2qzdZ26MfUSD8iw==",
      "requires": {}
    },
    "@capacitor/core": {
      "version": "3.4.0",
      "resolved": "https://registry.npmjs.org/@capacitor/core/-/core-3.4.0.tgz",
      "integrity": "sha512-utfMAYZyU8SL+JkVOcqanjmWarSBlvCyVDPL6AnXG/B//9VtleZ5NtorUXL0ggnK7t+Zbd8xGgA+LN7mn4+3Lw==",
      "peer": true,
      "requires": {
        "tslib": "^2.1.0"
      }
    },
    "tslib": {
      "version": "2.3.1",
      "resolved": "https://registry.npmjs.org/tslib/-/tslib-2.3.1.tgz",
      "integrity": "sha512-77EbyPPpMz+FRFRuAFlWMtmgUWGe9UOG2Z25NqCwiIjRhOf5iKGuzSe5P2w1laq+FkRy4p+PCuVkJSGkzTEKVw==",
      "peer": true
    }
  }
}
